Microsoft Visual Studio Solution File, Format Version 11.00
# Visual Studio 2008

Project("{5C264691-A040-ADA1-DAC3-3FEFB8245FB2}") = "LevelDesign", "Assembly-CSharp-firstpass-vs.csproj", "{70F93A72-8A13-6CBB-8943-AE0FB2385EB8}"
EndProject
Project("{5C264691-A040-ADA1-DAC3-3FEFB8245FB2}") = "LevelDesign", "Assembly-CSharp-vs.csproj", "{6F4463E7-3050-4780-D9CE-1B33995EB729}"
EndProject
Global
	GlobalSection(SolutionConfigurationPlatforms) = preSolution
		Debug|Any CPU = Debug|Any CPU
		Release|Any CPU = Release|Any CPU
	EndGlobalSection
	GlobalSection(ProjectConfigurationPlatforms) = postSolution
		{70F93A72-8A13-6CBB-8943-AE0FB2385EB8}.Debug|Any CPU.ActiveCfg = Debug|Any CPU
		{70F93A72-8A13-6CBB-8943-AE0FB2385EB8}.Debug|Any CPU.Build.0 = Debug|Any CPU
		{70F93A72-8A13-6CBB-8943-AE0FB2385EB8}.Release|Any CPU.ActiveCfg = Release|Any CPU
		{70F93A72-8A13-6CBB-8943-AE0FB2385EB8}.Release|Any CPU.Build.0 = Release|Any CPU
		{6F4463E7-3050-4780-D9CE-1B33995EB729}.Debug|Any CPU.ActiveCfg = Debug|Any CPU
		{6F4463E7-3050-4780-D9CE-1B33995EB729}.Debug|Any CPU.Build.0 = Debug|Any CPU
		{6F4463E7-3050-4780-D9CE-1B33995EB729}.Release|Any CPU.ActiveCfg = Release|Any CPU
		{6F4463E7-3050-4780-D9CE-1B33995EB729}.Release|Any CPU.Build.0 = Release|Any CPU
	EndGlobalSection
	GlobalSection(SolutionProperties) = preSolution
		HideSolutionNode = FALSE
	EndGlobalSection
																																																																								GlobalSection(MonoDevelopProperties) = preSolution
		StartupItem = Assembly-CSharp.csproj
		Policies = $0
		$0.TextStylePolicy = $1
		$1.inheritsSet = null
		$1.scope = text/x-csharp
		$0.CSharpFormattingPolicy = $2
		$2.inheritsSet = Mono
		$2.inheritsScope = text/x-csharp
		$2.scope = text/x-csharp
		$0.TextStylePolicy = $3
		$3.FileWidth = 120
		$3.TabWidth = 4
		$3.EolMarker = Unix
		$3.inheritsSet = Mono
		$3.inheritsScope = text/plain
		$3.scope = text/plain
	EndGlobalSection

EndGlobal
